# Code generated by scarb DO NOT EDIT.
version = 1

[[package]]
name = "sncast_std"
version = "0.36.0"
dependencies = [
 "snforge_std",
]

[[package]]
name = "snforge_std"
version = "0.27.0"
source = "git+https://github.com/foundry-rs/starknet-foundry.git?tag=v0.27.0#2d99b7c00678ef0363881ee0273550c44a9263de"
