# Code generated by scarb DO NOT EDIT.
version = 1

[[package]]
name = "snforge_scarb_plugin"
version = "0.32.0"
source = "registry+https://scarbs.xyz/"
checksum = "sha256:e5a0e80294b1f5f00955c614ee3fc94c843ff0d27935693c3598d0ac8d79250a"

[[package]]
name = "snforge_std"
version = "0.32.0"
dependencies = [
 "snforge_scarb_plugin",
]
